PODS:
  - CoreBluetoothMock (0.16.1)

DEPENDENCIES:
  - CoreBluetoothMock (from `../`)

EXTERNAL SOURCES:
  CoreBluetoothMock:
    :path: "../"

SPEC CHECKSUMS:
  CoreBluetoothMock: 2af35686989177c17ea7a580406194cb5493c165

PODFILE CHECKSUM: dbe11fdd34f545de2b6358750fede7261d00aa0a

COCOAPODS: 1.12.1
