PODS:
  - CoreBluetoothMock (0.11.1)

DEPENDENCIES:
  - CoreBluetoothMock (from `../`)

EXTERNAL SOURCES:
  CoreBluetoothMock:
    :path: "../"

SPEC CHECKSUMS:
  CoreBluetoothMock: f201b575c3eb3f0753124d088595c6fe2d6dceec

PODFILE CHECKSUM: bfd9fc7193b211c18bbe632884c30bc5d6a4807c

COCOAPODS: 1.9.3
