PODS:
  - CoreBluetoothMock (0.8.1)

DEPENDENCIES:
  - CoreBluetoothMock (from `../`)

EXTERNAL SOURCES:
  CoreBluetoothMock:
    :path: "../"

SPEC CHECKSUMS:
  CoreBluetoothMock: 0ebc50c1c2ec6b4b65d3afd12e324e79403ae904

PODFILE CHECKSUM: 865f5ab1c4d3f88da564a6e1bb10cfbf0c0378b0

COCOAPODS: 1.9.3
